---
path: ".gem_rbs_collection"
gems:
- name: prism
  version: 1.2.0
  source:
    type: rubygems
- name: simplecov
  version: '0.22'
  source:
    type: git
    name: ruby/gem_rbs_collection
    revision: 0a6ea105a0afc7eaee4494585a7775f47eea6145
    remote: https://github.com/ruby/gem_rbs_collection.git
    repo_dir: gems
gemfile_lock_path: Gemfile.lock
